// !$*UTF8*$!
{
	archiveVersion = 1;
	classes = {
	};
	objectVersion = 46;
	objects = {

/* Begin PBXBuildFile section */
		1653734A1B50F96F00BE6A4B /* BookNowTableViewController.m in Sources */ = {isa = PBXBuildFile; fileRef = 165373491B50F96F00BE6A4B /* BookNowTableViewController.m */; };
		1669A9711B52E6DD006C015F /* AddressPickerTableViewController.m in Sources */ = {isa = PBXBuildFile; fileRef = 1669A9701B52E6DD006C015F /* AddressPickerTableViewController.m */; };
		1670A8441B4F12F600594007 /* BebasNeue.otf in Resources */ = {isa = PBXBuildFile; fileRef = 1670A8431B4F12F600594007 /* BebasNeue.otf */; };
		16747FB01B5C08B300F417E4 /* FinalCostViewController.m in Sources */ = {isa = PBXBuildFile; fileRef = 16747FAF1B5C08B300F417E4 /* FinalCostViewController.m */; };
		16747FB21B5C14D900F417E4 /* icon.png in Resources */ = {isa = PBXBuildFile; fileRef = 16747FB11B5C14D900F417E4 /* icon.png */; };
		16CCD03D1B386D9100756EC6 /* main.m in Sources */ = {isa = PBXBuildFile; fileRef = 16CCD03C1B386D9100756EC6 /* main.m */; };
		16CCD0401B386D9100756EC6 /* AppDelegate.m in Sources */ = {isa = PBXBuildFile; fileRef = 16CCD03F1B386D9100756EC6 /* AppDelegate.m */; };
		16CCD0431B386D9100756EC6 /* ViewController.m in Sources */ = {isa = PBXBuildFile; fileRef = 16CCD0421B386D9100756EC6 /* ViewController.m */; };
		16CCD0461B386D9100756EC6 /* Main.storyboard in Resources */ = {isa = PBXBuildFile; fileRef = 16CCD0441B386D9100756EC6 /* Main.storyboard */; };
		16CCD0481B386D9100756EC6 /* Images.xcassets in Resources */ = {isa = PBXBuildFile; fileRef = 16CCD0471B386D9100756EC6 /* Images.xcassets */; };
		16CCD04B1B386D9100756EC6 /* LaunchScreen.xib in Resources */ = {isa = PBXBuildFile; fileRef = 16CCD0491B386D9100756EC6 /* LaunchScreen.xib */; };
		16CCD0571B386D9100756EC6 /* TransportIncTests.m in Sources */ = {isa = PBXBuildFile; fileRef = 16CCD0561B386D9100756EC6 /* TransportIncTests.m */; };
		943ABC5FF8D167071D94F65E /* libPods.a in Frameworks */ = {isa = PBXBuildFile; fileRef = 51DB4464B1DEF3A0C9C02C8C /* libPods.a */; };
/* End PBXBuildFile section */

/* Begin PBXContainerItemProxy section */
		16CCD0511B386D9100756EC6 /* PBXContainerItemProxy */ = {
			isa = PBXContainerItemProxy;
			containerPortal = 16CCD02F1B386D9100756EC6 /* Project object */;
			proxyType = 1;
			remoteGlobalIDString = 16CCD0361B386D9100756EC6;
			remoteInfo = TransportInc;
		};
/* End PBXContainerItemProxy section */

/* Begin PBXFileReference section */
		165373481B50F96F00BE6A4B /* BookNowTableViewController.h */ = {isa = PBXFileReference; fileEncoding = 4; lastKnownFileType = sourcecode.c.h; path = BookNowTableViewController.h; sourceTree = "<group>"; };
		165373491B50F96F00BE6A4B /* BookNowTableViewController.m */ = {isa = PBXFileReference; fileEncoding = 4; lastKnownFileType = sourcecode.c.objc; path = BookNowTableViewController.m; sourceTree = "<group>"; };
		1669A96F1B52E6DD006C015F /* AddressPickerTableViewController.h */ = {isa = PBXFileReference; fileEncoding = 4; lastKnownFileType = sourcecode.c.h; path = AddressPickerTableViewController.h; sourceTree = "<group>"; };
		1669A9701B52E6DD006C015F /* AddressPickerTableViewController.m */ = {isa = PBXFileReference; fileEncoding = 4; lastKnownFileType = sourcecode.c.objc; path = AddressPickerTableViewController.m; sourceTree = "<group>"; };
		1670A8431B4F12F600594007 /* BebasNeue.otf */ = {isa = PBXFileReference; lastKnownFileType = file; path = BebasNeue.otf; sourceTree = "<group>"; };
		16747FAE1B5C08B300F417E4 /* FinalCostViewController.h */ = {isa = PBXFileReference; fileEncoding = 4; lastKnownFileType = sourcecode.c.h; path = FinalCostViewController.h; sourceTree = "<group>"; };
		16747FAF1B5C08B300F417E4 /* FinalCostViewController.m */ = {isa = PBXFileReference; fileEncoding = 4; lastKnownFileType = sourcecode.c.objc; path = FinalCostViewController.m; sourceTree = "<group>"; };
		16747FB11B5C14D900F417E4 /* icon.png */ = {isa = PBXFileReference; lastKnownFileType = image.png; path = icon.png; sourceTree = "<group>"; };
		16CCD0371B386D9100756EC6 /* TransportInc.app */ = {isa = PBXFileReference; explicitFileType = wrapper.application; includeInIndex = 0; path = TransportInc.app; sourceTree = BUILT_PRODUCTS_DIR; };
		16CCD03B1B386D9100756EC6 /* Info.plist */ = {isa = PBXFileReference; lastKnownFileType = text.plist.xml; path = Info.plist; sourceTree = "<group>"; };
		16CCD03C1B386D9100756EC6 /* main.m */ = {isa = PBXFileReference; lastKnownFileType = sourcecode.c.objc; path = main.m; sourceTree = "<group>"; };
		16CCD03E1B386D9100756EC6 /* AppDelegate.h */ = {isa = PBXFileReference; lastKnownFileType = sourcecode.c.h; path = AppDelegate.h; sourceTree = "<group>"; };
		16CCD03F1B386D9100756EC6 /* AppDelegate.m */ = {isa = PBXFileReference; lastKnownFileType = sourcecode.c.objc; path = AppDelegate.m; sourceTree = "<group>"; };
		16CCD0411B386D9100756EC6 /* ViewController.h */ = {isa = PBXFileReference; lastKnownFileType = sourcecode.c.h; path = ViewController.h; sourceTree = "<group>"; };
		16CCD0421B386D9100756EC6 /* ViewController.m */ = {isa = PBXFileReference; lastKnownFileType = sourcecode.c.objc; path = ViewController.m; sourceTree = "<group>"; };
		16CCD0451B386D9100756EC6 /* Base */ = {isa = PBXFileReference; lastKnownFileType = file.storyboard; name = Base; path = Base.lproj/Main.storyboard; sourceTree = "<group>"; };
		16CCD0471B386D9100756EC6 /* Images.xcassets */ = {isa = PBXFileReference; lastKnownFileType = folder.assetcatalog; path = Images.xcassets; sourceTree = "<group>"; };
		16CCD04A1B386D9100756EC6 /* Base */ = {isa = PBXFileReference; lastKnownFileType = file.xib; name = Base; path = Base.lproj/LaunchScreen.xib; sourceTree = "<group>"; };
		16CCD0501B386D9100756EC6 /* TransportIncTests.xctest */ = {isa = PBXFileReference; explicitFileType = wrapper.cfbundle; includeInIndex = 0; path = TransportIncTests.xctest; sourceTree = BUILT_PRODUCTS_DIR; };
		16CCD0551B386D9100756EC6 /* Info.plist */ = {isa = PBXFileReference; lastKnownFileType = text.plist.xml; path = Info.plist; sourceTree = "<group>"; };
		16CCD0561B386D9100756EC6 /* TransportIncTests.m */ = {isa = PBXFileReference; lastKnownFileType = sourcecode.c.objc; path = TransportIncTests.m; sourceTree = "<group>"; };
		51DB4464B1DEF3A0C9C02C8C /* libPods.a */ = {isa = PBXFileReference; explicitFileType = archive.ar; includeInIndex = 0; path = libPods.a; sourceTree = BUILT_PRODUCTS_DIR; };
		53C9ADB17351AE8174A3973B /* Pods.release.xcconfig */ = {isa = PBXFileReference; includeInIndex = 1; lastKnownFileType = text.xcconfig; name = Pods.release.xcconfig; path = "Pods/Target Support Files/Pods/Pods.release.xcconfig"; sourceTree = "<group>"; };
		72FA2E7747AA98141643A196 /* Pods.debug.xcconfig */ = {isa = PBXFileReference; includeInIndex = 1; lastKnownFileType = text.xcconfig; name = Pods.debug.xcconfig; path = "Pods/Target Support Files/Pods/Pods.debug.xcconfig"; sourceTree = "<group>"; };
/* End PBXFileReference section */

/* Begin PBXFrameworksBuildPhase section */
		16CCD0341B386D9100756EC6 /* Frameworks */ = {
			isa = PBXFrameworksBuildPhase;
			buildActionMask = 2147483647;
			files = (
				943ABC5FF8D167071D94F65E /* libPods.a in Frameworks */,
			);
			runOnlyForDeploymentPostprocessing = 0;
		};
		16CCD04D1B386D9100756EC6 /* Frameworks */ = {
			isa = PBXFrameworksBuildPhase;
			buildActionMask = 2147483647;
			files = (
			);
			runOnlyForDeploymentPostprocessing = 0;
		};
/* End PBXFrameworksBuildPhase section */

/* Begin PBXGroup section */
		16CCD02E1B386D9100756EC6 = {
			isa = PBXGroup;
			children = (
				16CCD0391B386D9100756EC6 /* TransportInc */,
				16CCD0531B386D9100756EC6 /* TransportIncTests */,
				16CCD0381B386D9100756EC6 /* Products */,
				C1C780923AE7EEBC3757DE28 /* Pods */,
				224CD9D4C8DC217815FCB566 /* Frameworks */,
			);
			sourceTree = "<group>";
		};
		16CCD0381B386D9100756EC6 /* Products */ = {
			isa = PBXGroup;
			children = (
				16CCD0371B386D9100756EC6 /* TransportInc.app */,
				16CCD0501B386D9100756EC6 /* TransportIncTests.xctest */,
			);
			name = Products;
			sourceTree = "<group>";
		};
		16CCD0391B386D9100756EC6 /* TransportInc */ = {
			isa = PBXGroup;
			children = (
				16CCD03E1B386D9100756EC6 /* AppDelegate.h */,
				16CCD03F1B386D9100756EC6 /* AppDelegate.m */,
				16CCD0411B386D9100756EC6 /* ViewController.h */,
				16CCD0421B386D9100756EC6 /* ViewController.m */,
				16CCD0441B386D9100756EC6 /* Main.storyboard */,
				16747FAE1B5C08B300F417E4 /* FinalCostViewController.h */,
				16747FAF1B5C08B300F417E4 /* FinalCostViewController.m */,
				1669A96F1B52E6DD006C015F /* AddressPickerTableViewController.h */,
				1669A9701B52E6DD006C015F /* AddressPickerTableViewController.m */,
				165373481B50F96F00BE6A4B /* BookNowTableViewController.h */,
				165373491B50F96F00BE6A4B /* BookNowTableViewController.m */,
				16CCD0471B386D9100756EC6 /* Images.xcassets */,
				16CCD0491B386D9100756EC6 /* LaunchScreen.xib */,
				16CCD03A1B386D9100756EC6 /* Supporting Files */,
			);
			path = TransportInc;
			sourceTree = "<group>";
		};
		16CCD03A1B386D9100756EC6 /* Supporting Files */ = {
			isa = PBXGroup;
			children = (
				16747FB11B5C14D900F417E4 /* icon.png */,
				1670A8431B4F12F600594007 /* BebasNeue.otf */,
				16CCD03B1B386D9100756EC6 /* Info.plist */,
				16CCD03C1B386D9100756EC6 /* main.m */,
			);
			name = "Supporting Files";
			sourceTree = "<group>";
		};
		16CCD0531B386D9100756EC6 /* TransportIncTests */ = {
			isa = PBXGroup;
			children = (
				16CCD0561B386D9100756EC6 /* TransportIncTests.m */,
				16CCD0541B386D9100756EC6 /* Supporting Files */,
			);
			path = TransportIncTests;
			sourceTree = "<group>";
		};
		16CCD0541B386D9100756EC6 /* Supporting Files */ = {
			isa = PBXGroup;
			children = (
				16CCD0551B386D9100756EC6 /* Info.plist */,
			);
			name = "Supporting Files";
			sourceTree = "<group>";
		};
		224CD9D4C8DC217815FCB566 /* Frameworks */ = {
			isa = PBXGroup;
			children = (
				51DB4464B1DEF3A0C9C02C8C /* libPods.a */,
			);
			name = Frameworks;
			sourceTree = "<group>";
		};
		C1C780923AE7EEBC3757DE28 /* Pods */ = {
			isa = PBXGroup;
			children = (
				72FA2E7747AA98141643A196 /* Pods.debug.xcconfig */,
				53C9ADB17351AE8174A3973B /* Pods.release.xcconfig */,
			);
			name = Pods;
			sourceTree = "<group>";
		};
/* End PBXGroup section */

/* Begin PBXNativeTarget section */
		16CCD0361B386D9100756EC6 /* TransportInc */ = {
			isa = PBXNativeTarget;
			buildConfigurationList = 16CCD05A1B386D9100756EC6 /* Build configuration list for PBXNativeTarget "TransportInc" */;
			buildPhases = (
				EF9731EF8CAEF6CC1B1577D4 /* Check Pods Manifest.lock */,
				16CCD0331B386D9100756EC6 /* Sources */,
				16CCD0341B386D9100756EC6 /* Frameworks */,
				16CCD0351B386D9100756EC6 /* Resources */,
				1A6EBA2050D433482666623E /* Copy Pods Resources */,
			);
			buildRules = (
			);
			dependencies = (
			);
			name = TransportInc;
			productName = TransportInc;
			productReference = 16CCD0371B386D9100756EC6 /* TransportInc.app */;
			productType = "com.apple.product-type.application";
		};
		16CCD04F1B386D9100756EC6 /* TransportIncTests */ = {
			isa = PBXNativeTarget;
			buildConfigurationList = 16CCD05D1B386D9100756EC6 /* Build configuration list for PBXNativeTarget "TransportIncTests" */;
			buildPhases = (
				16CCD04C1B386D9100756EC6 /* Sources */,
				16CCD04D1B386D9100756EC6 /* Frameworks */,
				16CCD04E1B386D9100756EC6 /* Resources */,
			);
			buildRules = (
			);
			dependencies = (
				16CCD0521B386D9100756EC6 /* PBXTargetDependency */,
			);
			name = TransportIncTests;
			productName = TransportIncTests;
			productReference = 16CCD0501B386D9100756EC6 /* TransportIncTests.xctest */;
			productType = "com.apple.product-type.bundle.unit-test";
		};
/* End PBXNativeTarget section */

/* Begin PBXProject section */
		16CCD02F1B386D9100756EC6 /* Project object */ = {
			isa = PBXProject;
			attributes = {
				LastUpgradeCheck = 0630;
				ORGANIZATIONNAME = "Siddharth Gupta";
				TargetAttributes = {
					16CCD0361B386D9100756EC6 = {
						CreatedOnToolsVersion = 6.3.1;
					};
					16CCD04F1B386D9100756EC6 = {
						CreatedOnToolsVersion = 6.3.1;
						TestTargetID = 16CCD0361B386D9100756EC6;
					};
				};
			};
			buildConfigurationList = 16CCD0321B386D9100756EC6 /* Build configuration list for PBXProject "TransportInc" */;
			compatibilityVersion = "Xcode 3.2";
			developmentRegion = English;
			hasScannedForEncodings = 0;
			knownRegions = (
				en,
				Base,
			);
			mainGroup = 16CCD02E1B386D9100756EC6;
			productRefGroup = 16CCD0381B386D9100756EC6 /* Products */;
			projectDirPath = "";
			projectRoot = "";
			targets = (
				16CCD0361B386D9100756EC6 /* TransportInc */,
				16CCD04F1B386D9100756EC6 /* TransportIncTests */,
			);
		};
/* End PBXProject section */

/* Begin PBXResourcesBuildPhase section */
		16CCD0351B386D9100756EC6 /* Resources */ = {
			isa = PBXResourcesBuildPhase;
			buildActionMask = 2147483647;
			files = (
				16CCD0461B386D9100756EC6 /* Main.storyboard in Resources */,
				16747FB21B5C14D900F417E4 /* icon.png in Resources */,
				16CCD04B1B386D9100756EC6 /* LaunchScreen.xib in Resources */,
				1670A8441B4F12F600594007 /* BebasNeue.otf in Resources */,
				16CCD0481B386D9100756EC6 /* Images.xcassets in Resources */,
			);
			runOnlyForDeploymentPostprocessing = 0;
		};
		16CCD04E1B386D9100756EC6 /* Resources */ = {
			isa = PBXResourcesBuildPhase;
			buildActionMask = 2147483647;
			files = (
			);
			runOnlyForDeploymentPostprocessing = 0;
		};
/* End PBXResourcesBuildPhase section */

/* Begin PBXShellScriptBuildPhase section */
		1A6EBA2050D433482666623E /* Copy Pods Resources */ = {
			isa = PBXShellScriptBuildPhase;
			buildActionMask = 2147483647;
			files = (
			);
			inputPaths = (
			);
			name = "Copy Pods Resources";
			outputPaths = (
			);
			runOnlyForDeploymentPostprocessing = 0;
			shellPath = /bin/sh;
			shellScript = "\"${SRCROOT}/Pods/Target Support Files/Pods/Pods-resources.sh\"\n";
			showEnvVarsInLog = 0;
		};
		EF9731EF8CAEF6CC1B1577D4 /* Check Pods Manifest.lock */ = {
			isa = PBXShellScriptBuildPhase;
			buildActionMask = 2147483647;
			files = (
			);
			inputPaths = (
			);
			name = "Check Pods Manifest.lock";
			outputPaths = (
			);
			runOnlyForDeploymentPostprocessing = 0;
			shellPath = /bin/sh;
			shellScript = "diff \"${PODS_ROOT}/../Podfile.lock\" \"${PODS_ROOT}/Manifest.lock\" > /dev/null\nif [[ $? != 0 ]] ; then\n    cat << EOM\nerror: The sandbox is not in sync with the Podfile.lock. Run 'pod install' or update your CocoaPods installation.\nEOM\n    exit 1\nfi\n";
			showEnvVarsInLog = 0;
		};
/* End PBXShellScriptBuildPhase section */

/* Begin PBXSourcesBuildPhase section */
		16CCD0331B386D9100756EC6 /* Sources */ = {
			isa = PBXSourcesBuildPhase;
			buildActionMask = 2147483647;
			files = (
				16CCD0431B386D9100756EC6 /* ViewController.m in Sources */,
				1653734A1B50F96F00BE6A4B /* BookNowTableViewController.m in Sources */,
				16CCD0401B386D9100756EC6 /* AppDelegate.m in Sources */,
				16CCD03D1B386D9100756EC6 /* main.m in Sources */,
				16747FB01B5C08B300F417E4 /* FinalCostViewController.m in Sources */,
				1669A9711B52E6DD006C015F /* AddressPickerTableViewController.m in Sources */,
			);
			runOnlyForDeploymentPostprocessing = 0;
		};
		16CCD04C1B386D9100756EC6 /* Sources */ = {
			isa = PBXSourcesBuildPhase;
			buildActionMask = 2147483647;
			files = (
				16CCD0571B386D9100756EC6 /* TransportIncTests.m in Sources */,
			);
			runOnlyForDeploymentPostprocessing = 0;
		};
/* End PBXSourcesBuildPhase section */

/* Begin PBXTargetDependency section */
		16CCD0521B386D9100756EC6 /* PBXTargetDependency */ = {
			isa = PBXTargetDependency;
			target = 16CCD0361B386D9100756EC6 /* TransportInc */;
			targetProxy = 16CCD0511B386D9100756EC6 /* PBXContainerItemProxy */;
		};
/* End PBXTargetDependency section */

/* Begin PBXVariantGroup section */
		16CCD0441B386D9100756EC6 /* Main.storyboard */ = {
			isa = PBXVariantGroup;
			children = (
				16CCD0451B386D9100756EC6 /* Base */,
			);
			name = Main.storyboard;
			sourceTree = "<group>";
		};
		16CCD0491B386D9100756EC6 /* LaunchScreen.xib */ = {
			isa = PBXVariantGroup;
			children = (
				16CCD04A1B386D9100756EC6 /* Base */,
			);
			name = LaunchScreen.xib;
			sourceTree = "<group>";
		};
/* End PBXVariantGroup section */

/* Begin XCBuildConfiguration section */
		16CCD0581B386D9100756EC6 /* Debug */ = {
			isa = XCBuildConfiguration;
			buildSettings = {
				ALWAYS_SEARCH_USER_PATHS = NO;
				CLANG_CXX_LANGUAGE_STANDARD = "gnu++0x";
				CLANG_CXX_LIBRARY = "libc++";
				CLANG_ENABLE_MODULES = YES;
				CLANG_ENABLE_OBJC_ARC = YES;
				CLANG_WARN_BOOL_CONVERSION = YES;
				CLANG_WARN_CONSTANT_CONVERSION = YES;
				CLANG_WARN_DIRECT_OBJC_ISA_USAGE = YES_ERROR;
				CLANG_WARN_EMPTY_BODY = YES;
				CLANG_WARN_ENUM_CONVERSION = YES;
				CLANG_WARN_INT_CONVERSION = YES;
				CLANG_WARN_OBJC_ROOT_CLASS = YES_ERROR;
				CLANG_WARN_UNREACHABLE_CODE = YES;
				CLANG_WARN__DUPLICATE_METHOD_MATCH = YES;
				"CODE_SIGN_IDENTITY[sdk=iphoneos*]" = "iPhone Developer";
				COPY_PHASE_STRIP = NO;
				DEBUG_INFORMATION_FORMAT = "dwarf-with-dsym";
				ENABLE_STRICT_OBJC_MSGSEND = YES;
				GCC_C_LANGUAGE_STANDARD = gnu99;
				GCC_DYNAMIC_NO_PIC = NO;
				GCC_NO_COMMON_BLOCKS = YES;
				GCC_OPTIMIZATION_LEVEL = 0;
				GCC_PREPROCESSOR_DEFINITIONS = (
					"DEBUG=1",
					"$(inherited)",
				);
				GCC_SYMBOLS_PRIVATE_EXTERN = NO;
				GCC_WARN_64_TO_32_BIT_CONVERSION = YES;
				GCC_WARN_ABOUT_RETURN_TYPE = YES_ERROR;
				GCC_WARN_UNDECLARED_SELECTOR = YES;
				GCC_WARN_UNINITIALIZED_AUTOS = YES_AGGRESSIVE;
				GCC_WARN_UNUSED_FUNCTION = YES;
				GCC_WARN_UNUSED_VARIABLE = YES;
				IPHONEOS_DEPLOYMENT_TARGET = 8.3;
				MTL_ENABLE_DEBUG_INFO = YES;
				ONLY_ACTIVE_ARCH = YES;
				SDKROOT = iphoneos;
			};
			name = Debug;
		};
		16CCD0591B386D9100756EC6 /* Release */ = {
			isa = XCBuildConfiguration;
			buildSettings = {
				ALWAYS_SEARCH_USER_PATHS = NO;
				CLANG_CXX_LANGUAGE_STANDARD = "gnu++0x";
				CLANG_CXX_LIBRARY = "libc++";
				CLANG_ENABLE_MODULES = YES;
				CLANG_ENABLE_OBJC_ARC = YES;
				CLANG_WARN_BOOL_CONVERSION = YES;
				CLANG_WARN_CONSTANT_CONVERSION = YES;
				CLANG_WARN_DIRECT_OBJC_ISA_USAGE = YES_ERROR;
				CLANG_WARN_EMPTY_BODY = YES;
				CLANG_WARN_ENUM_CONVERSION = YES;
				CLANG_WARN_INT_CONVERSION = YES;
				CLANG_WARN_OBJC_ROOT_CLASS = YES_ERROR;
				CLANG_WARN_UNREACHABLE_CODE = YES;
				CLANG_WARN__DUPLICATE_METHOD_MATCH = YES;
				"CODE_SIGN_IDENTITY[sdk=iphoneos*]" = "iPhone Developer";
				COPY_PHASE_STRIP = NO;
				DEBUG_INFORMATION_FORMAT = "dwarf-with-dsym";
				ENABLE_NS_ASSERTIONS = NO;
				ENABLE_STRICT_OBJC_MSGSEND = YES;
				GCC_C_LANGUAGE_STANDARD = gnu99;
				GCC_NO_COMMON_BLOCKS = YES;
				GCC_WARN_64_TO_32_BIT_CONVERSION = YES;
				GCC_WARN_ABOUT_RETURN_TYPE = YES_ERROR;
				GCC_WARN_UNDECLARED_SELECTOR = YES;
				GCC_WARN_UNINITIALIZED_AUTOS = YES_AGGRESSIVE;
				GCC_WARN_UNUSED_FUNCTION = YES;
				GCC_WARN_UNUSED_VARIABLE = YES;
				IPHONEOS_DEPLOYMENT_TARGET = 8.3;
				MTL_ENABLE_DEBUG_INFO = NO;
				SDKROOT = iphoneos;
				VALIDATE_PRODUCT = YES;
			};
			name = Release;
		};
		16CCD05B1B386D9100756EC6 /* Debug */ = {
			isa = XCBuildConfiguration;
			baseConfigurationReference = 72FA2E7747AA98141643A196 /* Pods.debug.xcconfig */;
			buildSettings = {
				ASSETCATALOG_COMPILER_APPICON_NAME = AppIcon;
				INFOPLIST_FILE = TransportInc/Info.plist;
				LD_RUNPATH_SEARCH_PATHS = "$(inherited) @executable_path/Frameworks";
				PRODUCT_NAME = "$(TARGET_NAME)";
			};
			name = Debug;
		};
		16CCD05C1B386D9100756EC6 /* Release */ = {
			isa = XCBuildConfiguration;
			baseConfigurationReference = 53C9ADB17351AE8174A3973B /* Pods.release.xcconfig */;
			buildSettings = {
				ASSETCATALOG_COMPILER_APPICON_NAME = AppIcon;
				INFOPLIST_FILE = TransportInc/Info.plist;
				LD_RUNPATH_SEARCH_PATHS = "$(inherited) @executable_path/Frameworks";
				PRODUCT_NAME = "$(TARGET_NAME)";
			};
			name = Release;
		};
		16CCD05E1B386D9100756EC6 /* Debug */ = {
			isa = XCBuildConfiguration;
			buildSettings = {
				BUNDLE_LOADER = "$(TEST_HOST)";
				FRAMEWORK_SEARCH_PATHS = (
					"$(SDKROOT)/Developer/Library/Frameworks",
					"$(inherited)",
				);
				GCC_PREPROCESSOR_DEFINITIONS = (
					"DEBUG=1",
					"$(inherited)",
				);
				INFOPLIST_FILE = TransportIncTests/Info.plist;
				LD_RUNPATH_SEARCH_PATHS = "$(inherited) @executable_path/Frameworks @loader_path/Frameworks";
				PRODUCT_NAME = "$(TARGET_NAME)";
				TEST_HOST = "$(BUILT_PRODUCTS_DIR)/TransportInc.app/TransportInc";
			};
			name = Debug;
		};
		16CCD05F1B386D9100756EC6 /* Release */ = {
			isa = XCBuildConfiguration;
			buildSettings = {
				BUNDLE_LOADER = "$(TEST_HOST)";
				FRAMEWORK_SEARCH_PATHS = (
					"$(SDKROOT)/Developer/Library/Frameworks",
					"$(inherited)",
				);
				INFOPLIST_FILE = TransportIncTests/Info.plist;
				LD_RUNPATH_SEARCH_PATHS = "$(inherited) @executable_path/Frameworks @loader_path/Frameworks";
				PRODUCT_NAME = "$(TARGET_NAME)";
				TEST_HOST = "$(BUILT_PRODUCTS_DIR)/TransportInc.app/TransportInc";
			};
			name = Release;
		};
/* End XCBuildConfiguration section */

/* Begin XCConfigurationList section */
		16CCD0321B386D9100756EC6 /* Build configuration list for PBXProject "TransportInc" */ = {
			isa = XCConfigurationList;
			buildConfigurations = (
				16CCD0581B386D9100756EC6 /* Debug */,
				16CCD0591B386D9100756EC6 /* Release */,
			);
			defaultConfigurationIsVisible = 0;
			defaultConfigurationName = Release;
		};
		16CCD05A1B386D9100756EC6 /* Build configuration list for PBXNativeTarget "TransportInc" */ = {
			isa = XCConfigurationList;
			buildConfigurations = (
				16CCD05B1B386D9100756EC6 /* Debug */,
				16CCD05C1B386D9100756EC6 /* Release */,
			);
			defaultConfigurationIsVisible = 0;
			defaultConfigurationName = Release;
		};
		16CCD05D1B386D9100756EC6 /* Build configuration list for PBXNativeTarget "TransportIncTests" */ = {
			isa = XCConfigurationList;
			buildConfigurations = (
				16CCD05E1B386D9100756EC6 /* Debug */,
				16CCD05F1B386D9100756EC6 /* Release */,
			);
			defaultConfigurationIsVisible = 0;
			defaultConfigurationName = Release;
		};
/* End XCConfigurationList section */
	};
	rootObject = 16CCD02F1B386D9100756EC6 /* Project object */;
}
